
Microsoft Visual Studio Solution File, Format Version 12.00
# Visual Studio Version 16
VisualStudioVersion = 16.0.30309.148
MinimumVisualStudioVersion = 10.0.40219.1
Project("{FAE04EC0-301F-11D3-BF4B-00C04F79EFBC}") = "UserRegistrationTest", "UserRegistrationTest\UserRegistrationTest.csproj", "{B95EAA84-C201-4088-8499-5628FFEAADC2}"
EndProject
Project("{FAE04EC0-301F-11D3-BF4B-00C04F79EFBC}") = "UserRegistration", "UserRegistration\UserRegistration.csproj", "{8F06E7C9-6F8E-4E44-8BE7-5C0063447C13}"
EndProject
Global
	GlobalSection(SolutionConfigurationPlatforms) = preSolution
		Debug|Any CPU = Debug|Any CPU
		Release|Any CPU = Release|Any CPU
	EndGlobalSection
	GlobalSection(ProjectConfigurationPlatforms) = postSolution
		{B95EAA84-C201-4088-8499-5628FFEAADC2}.Debug|Any CPU.ActiveCfg = Debug|Any CPU
		{B95EAA84-C201-4088-8499-5628FFEAADC2}.Debug|Any CPU.Build.0 = Debug|Any CPU
		{B95EAA84-C201-4088-8499-5628FFEAADC2}.Release|Any CPU.ActiveCfg = Release|Any CPU
		{B95EAA84-C201-4088-8499-5628FFEAADC2}.Release|Any CPU.Build.0 = Release|Any CPU
		{8F06E7C9-6F8E-4E44-8BE7-5C0063447C13}.Debug|Any CPU.ActiveCfg = Debug|Any CPU
		{8F06E7C9-6F8E-4E44-8BE7-5C0063447C13}.Debug|Any CPU.Build.0 = Debug|Any CPU
		{8F06E7C9-6F8E-4E44-8BE7-5C0063447C13}.Release|Any CPU.ActiveCfg = Release|Any CPU
		{8F06E7C9-6F8E-4E44-8BE7-5C0063447C13}.Release|Any CPU.Build.0 = Release|Any CPU
	EndGlobalSection
	GlobalSection(SolutionProperties) = preSolution
		HideSolutionNode = FALSE
	EndGlobalSection
	GlobalSection(ExtensibilityGlobals) = postSolution
		SolutionGuid = {E6967C86-85A1-4B17-9355-4AF56C790CE2}
	EndGlobalSection
EndGlobal
